<?xml version="1.0" encoding="utf-8"?>
<Project ToolsVersion="4.0" xmlns="http://schemas.microsoft.com/developer/msbuild/2003">
  <ItemGroup>
    <Filter Include="Source Files">
      <UniqueIdentifier>{4FC737F1-C7A5-4376-A066-2A32D752A2FF}</UniqueIdentifier>
      <Extensions>cpp;c;cc;cxx;c++;cppm;ixx;def;odl;idl;hpj;bat;asm;asmx</Extensions>
    </Filter>
    <Filter Include="Header Files">
      <UniqueIdentifier>{93995380-89BD-4b04-88EB-625FBE52EBFB}</UniqueIdentifier>
      <Extensions>h;hh;hpp;hxx;h++;hm;inl;inc;ipp;xsd</Extensions>
    </Filter>
    <Filter Include="Resource Files">
      <UniqueIdentifier>{67DA6AB6-F800-4c08-8B7A-83BB121AAD01}</UniqueIdentifier>
      <Extensions>rc;ico;cur;bmp;dlg;rc2;rct;bin;rgs;gif;jpg;jpeg;jpe;resx;tiff;tif;png;wav;mfcribbon-ms</Extensions>
    </Filter>
  </ItemGroup>
  <ItemGroup>
    <ClCompile Include="Algorithms.cpp">
      <Filter>Source Files</Filter>
    </ClCompile>
    <ClCompile Include="Algorithms\DataObjects\iteration_snapshot.cpp">
      <Filter>Source Files</Filter>
    </ClCompile>
    <ClCompile Include="Algorithms\Utility\Random.cpp">
      <Filter>Source Files</Filter>
    </ClCompile>
    <ClCompile Include="Algorithms\UMDA\umda.cpp">
      <Filter>Source Files</Filter>
    </ClCompile>
    <ClCompile Include="JsonUtil\json_file_writer.cpp">
      <Filter>Source Files</Filter>
    </ClCompile>
    <ClCompile Include="JsonUtil\json_builder.cpp">
      <Filter>Source Files</Filter>
    </ClCompile>
    <ClCompile Include="Algorithms\EDABase.cpp">
      <Filter>Source Files</Filter>
    </ClCompile>
    <ClCompile Include="Coordination\Topology\Topology.cpp">
      <Filter>Source Files</Filter>
    </ClCompile>
    <ClCompile Include="Coordination\Topology\Operation.cpp">
      <Filter>Source Files</Filter>
    </ClCompile>
    <ClCompile Include="Coordination\Communocation\MPIInfo.cpp">
      <Filter>Source Files</Filter>
    </ClCompile>
    <ClCompile Include="Algorithms\cGA\CGA.cpp">
      <Filter>Source Files</Filter>
    </ClCompile>
    <ClCompile Include="Algorithms\Utility\SatParser.cpp">
      <Filter>Source Files</Filter>
    </ClCompile>
    <ClCompile Include="Algorithms\Utility\DataTruncater.cpp">
      <Filter>Source Files</Filter>
    </ClCompile>
    <ClCompile Include="AlgorithmsIncludes.h">
      <Filter>Source Files</Filter>
    </ClCompile>
  </ItemGroup>
  <ItemGroup>
    <ClInclude Include="Fitness\fitness_functions.h">
      <Filter>Header Files</Filter>
    </ClInclude>
    <ClInclude Include="Algorithms\DataObjects\iteration_snapshot.h">
      <Filter>Header Files</Filter>
    </ClInclude>
    <ClInclude Include="Algorithms\Utility\Random.h">
      <Filter>Header Files</Filter>
    </ClInclude>
    <ClInclude Include="Algorithms\UMDA\umda.h">
      <Filter>Header Files</Filter>
    </ClInclude>
    <ClInclude Include="JsonUtil\json_file_writer.h">
      <Filter>Header Files</Filter>
    </ClInclude>
    <ClInclude Include="JsonUtil\json_builder.h">
      <Filter>Header Files</Filter>
    </ClInclude>
    <ClInclude Include="Algorithms\EDABase.h">
      <Filter>Header Files</Filter>
    </ClInclude>
    <ClInclude Include="Coordination\Communocation\MPIWrapper.h">
      <Filter>Header Files</Filter>
    </ClInclude>
    <ClInclude Include="Coordination\Migration\SampleMigrationStrategy.h">
      <Filter>Header Files</Filter>
    </ClInclude>
    <ClInclude Include="Coordination\OptimizerCoordinator.h">
      <Filter>Header Files</Filter>
    </ClInclude>
    <ClInclude Include="Coordination\Topology\Topology.h">
      <Filter>Header Files</Filter>
    </ClInclude>
    <ClInclude Include="Coordination\Topology\Operation.h">
      <Filter>Header Files</Filter>
    </ClInclude>
    <ClInclude Include="Coordination\Migration\MigrationStrategy.h">
      <Filter>Header Files</Filter>
    </ClInclude>
    <ClInclude Include="Coordination\Communocation\MPIInfo.h">
      <Filter>Header Files</Filter>
    </ClInclude>
    <ClInclude Include="Coordination\Migration\MuFromEachSampleMigrationStrategy.h">
      <Filter>Header Files</Filter>
    </ClInclude>
    <ClInclude Include="Coordination\Communocation\DynamicArray.h">
      <Filter>Header Files</Filter>
    </ClInclude>
    <ClInclude Include="Coordination\Communocation\SampleContainer.h">
      <Filter>Header Files</Filter>
    </ClInclude>
    <ClInclude Include="Coordination\Migration\ProbDistMigrationStrategy.h">
      <Filter>Header Files</Filter>
    </ClInclude>
    <ClInclude Include="Algorithms\cGA\CGA.h">
      <Filter>Header Files</Filter>
    </ClInclude>
    <ClInclude Include="Coordination\Migration\NullMigrationStrategy.h">
      <Filter>Header Files</Filter>
    </ClInclude>
    <ClInclude Include="Algorithms\Utility\SatParser.h">
      <Filter>Header Files</Filter>
    </ClInclude>
    <ClInclude Include="Algorithms\Utility\DataTruncater.h">
      <Filter>Header Files</Filter>
    </ClInclude>
    <ClInclude Include="Coordination\Migration\CGAMuFromEachSampleMigrationStrategy.h">
      <Filter>Header Files</Filter>
    </ClInclude>
    <ClInclude Include="Experiments\CGA\CGAOneMax.h">
      <Filter>Header Files</Filter>
    </ClInclude>
    <ClInclude Include="Experiments\CGA\CGAShared.h">
      <Filter>Header Files</Filter>
    </ClInclude>
    <ClInclude Include="Experiments\CGA\CGAMaxSat.h">
      <Filter>Header Files</Filter>
    </ClInclude>
    <ClInclude Include="Experiments\CGA\CGATwoPeaks.h">
      <Filter>Header Files</Filter>
    </ClInclude>
    <ClInclude Include="Experiments\CGA\CGAJumpK.h">
      <Filter>Header Files</Filter>
    </ClInclude>
    <ClInclude Include="AlgorithmsInfo.h">
      <Filter>Header Files</Filter>
    </ClInclude>
    <ClInclude Include="Experiments\CGA\CGAFunctions.h">
      <Filter>Header Files</Filter>
    </ClInclude>
  </ItemGroup>
</Project>